
Microsoft Visual Studio Solution File, Format Version 12.00
# Visual Studio 15
VisualStudioVersion = 15.0.27130.2027
MinimumVisualStudioVersion = 10.0.40219.1
Project("{FAE04EC0-301F-11D3-BF4B-00C04F79EFBC}") = "DAL", "RealEstateAgency2\DAL.csproj", "{AAAD776A-26C1-4693-BF68-6A26480AA1FD}"
EndProject
Project("{FAE04EC0-301F-11D3-BF4B-00C04F79EFBC}") = "BLL", "BLL\BLL.csproj", "{8776EE43-EFE9-43EE-87D3-5749315C7233}"
EndProject
Project("{FAE04EC0-301F-11D3-BF4B-00C04F79EFBC}") = "UserInterface_Wpf", "UserInterface_WpfApp\UserInterface_Wpf.csproj", "{BEEDED83-3D84-4B83-A982-0FFD196C148B}"
EndProject
Global
	GlobalSection(SolutionConfigurationPlatforms) = preSolution
		Debug|Any CPU = Debug|Any CPU
		Release|Any CPU = Release|Any CPU
	EndGlobalSection
	GlobalSection(ProjectConfigurationPlatforms) = postSolution
		{AAAD776A-26C1-4693-BF68-6A26480AA1FD}.Debug|Any CPU.ActiveCfg = Debug|Any CPU
		{AAAD776A-26C1-4693-BF68-6A26480AA1FD}.Debug|Any CPU.Build.0 = Debug|Any CPU
		{AAAD776A-26C1-4693-BF68-6A26480AA1FD}.Release|Any CPU.ActiveCfg = Release|Any CPU
		{AAAD776A-26C1-4693-BF68-6A26480AA1FD}.Release|Any CPU.Build.0 = Release|Any CPU
		{8776EE43-EFE9-43EE-87D3-5749315C7233}.Debug|Any CPU.ActiveCfg = Debug|Any CPU
		{8776EE43-EFE9-43EE-87D3-5749315C7233}.Debug|Any CPU.Build.0 = Debug|Any CPU
		{8776EE43-EFE9-43EE-87D3-5749315C7233}.Release|Any CPU.ActiveCfg = Release|Any CPU
		{8776EE43-EFE9-43EE-87D3-5749315C7233}.Release|Any CPU.Build.0 = Release|Any CPU
		{BEEDED83-3D84-4B83-A982-0FFD196C148B}.Debug|Any CPU.ActiveCfg = Debug|Any CPU
		{BEEDED83-3D84-4B83-A982-0FFD196C148B}.Debug|Any CPU.Build.0 = Debug|Any CPU
		{BEEDED83-3D84-4B83-A982-0FFD196C148B}.Release|Any CPU.ActiveCfg = Release|Any CPU
		{BEEDED83-3D84-4B83-A982-0FFD196C148B}.Release|Any CPU.Build.0 = Release|Any CPU
	EndGlobalSection
	GlobalSection(SolutionProperties) = preSolution
		HideSolutionNode = FALSE
	EndGlobalSection
	GlobalSection(ExtensibilityGlobals) = postSolution
		SolutionGuid = {434D9B3B-A8C3-439F-B4D9-CA064C7D2733}
	EndGlobalSection
EndGlobal
